
Microsoft Visual Studio Solution File, Format Version 12.00
# Visual Studio 15
VisualStudioVersion = 15.0.27130.2010
MinimumVisualStudioVersion = 10.0.40219.1
Project("{FAE04EC0-301F-11D3-BF4B-00C04F79EFBC}") = "OMG.LunchPicker.Data", "OMG.LunchPicker\OMG.LunchPicker.Data\OMG.LunchPicker.Data.csproj", "{EC498878-28B3-4F7B-8E67-DAE651BEFEE0}"
EndProject
Project("{FAE04EC0-301F-11D3-BF4B-00C04F79EFBC}") = "OMG.LunchPicker.Logging", "OMG.LunchPicker\OMG.LunchPicker.Logging\OMG.LunchPicker.Logging.csproj", "{83F8D6E4-6014-499C-9DBF-48E10192F4DE}"
EndProject
Project("{FAE04EC0-301F-11D3-BF4B-00C04F79EFBC}") = "OMG.LunchPicker.Objects", "OMG.LunchPicker\OMG.LunchPicker.Objects\OMG.LunchPicker.Objects.csproj", "{3F243E5A-909B-49FA-85C8-8E7F60DCAC58}"
EndProject
Project("{FAE04EC0-301F-11D3-BF4B-00C04F79EFBC}") = "OMG.LunchPicker.Repository", "OMG.LunchPicker\OMG.LunchPicker.Repository\OMG.LunchPicker.Repository.csproj", "{9B499F02-5B8A-4ABC-8D17-AED3B45117F4}"
EndProject
Project("{FAE04EC0-301F-11D3-BF4B-00C04F79EFBC}") = "OMG.LunchPicker.Services", "OMG.LunchPicker\OMG.LunchPicker.Services\OMG.LunchPicker.Services.csproj", "{78F50EC3-C6F5-416E-B0A3-7B8433C75B0D}"
EndProject
Project("{FAE04EC0-301F-11D3-BF4B-00C04F79EFBC}") = "OMG.LunchPicker.WebApi", "OMG.LunchPicker\OMG.LunchPicker.WebApi\OMG.LunchPicker.WebApi.csproj", "{404033A1-3D64-4FE5-AF3E-1FC20F2FF46D}"
EndProject
Project("{FAE04EC0-301F-11D3-BF4B-00C04F79EFBC}") = "OMG.LunchPicker.Web", "OMG.LunchPicker\OMG.LunchPicker.Web\OMG.LunchPicker.Web.csproj", "{51289DAF-37FC-4DB1-BB48-96443E161E5B}"
EndProject
Project("{FAE04EC0-301F-11D3-BF4B-00C04F79EFBC}") = "Repository.Pattern", "OMG.LunchPicker\Repository.Pattern\Repository.Pattern.csproj", "{6E682A14-C872-4813-B620-76E108DEA683}"
EndProject
Project("{FAE04EC0-301F-11D3-BF4B-00C04F79EFBC}") = "Repository.Pattern.Ef6", "OMG.LunchPicker\Repository.Pattern.Ef6\Repository.Pattern.Ef6.csproj", "{F68A1D19-93FB-47C1-A22B-42BEA3E4FD8C}"
EndProject
Project("{FAE04EC0-301F-11D3-BF4B-00C04F79EFBC}") = "Service.Pattern", "OMG.LunchPicker\Service.Pattern\Service.Pattern.csproj", "{86F86650-EE3C-4372-8FEC-40C2FE015022}"
EndProject
Project("{2150E333-8FDC-42A3-9474-1A3956D46DE8}") = "Frameworks", "Frameworks", "{29CFAD14-7A3D-4141-A67D-527CAE888C4E}"
EndProject
Project("{2150E333-8FDC-42A3-9474-1A3956D46DE8}") = "Solution Items", "Solution Items", "{3B600DCA-13F1-4581-B764-4E9867AB8DB7}"
	ProjectSection(SolutionItems) = preProject
		VersionInfo.cs = VersionInfo.cs
	EndProjectSection
EndProject
Project("{FAE04EC0-301F-11D3-BF4B-00C04F79EFBC}") = "OMG.LunchPicker.Xamarin.Android", "OMG.LunchPicker\OMG.LunchPicker.Xamarin\OMG.LunchPicker.Xamarin.Android\OMG.LunchPicker.Xamarin.Android.csproj", "{A2D1EA8D-DF5D-4B30-94E4-8447DBB835AA}"
EndProject
Project("{FAE04EC0-301F-11D3-BF4B-00C04F79EFBC}") = "OMG.LunchPicker.Xamarin.iOS", "OMG.LunchPicker\OMG.LunchPicker.Xamarin\OMG.LunchPicker.Xamarin.iOS\OMG.LunchPicker.Xamarin.iOS.csproj", "{5532E8FA-B25B-4EBD-B3A9-15D9A684A526}"
EndProject
Project("{FAE04EC0-301F-11D3-BF4B-00C04F79EFBC}") = "OMG.LunchPicker.Xamarin", "OMG.LunchPicker\OMG.LunchPicker.Xamarin\OMG.LunchPicker.Xamarin\OMG.LunchPicker.Xamarin.csproj", "{F258192B-A9D8-4A50-94F9-ADFD528A5EC5}"
EndProject
Global
	GlobalSection(SolutionConfigurationPlatforms) = preSolution
		Ad-Hoc|Any CPU = Ad-Hoc|Any CPU
		Ad-Hoc|iPhone = Ad-Hoc|iPhone
		Ad-Hoc|iPhoneSimulator = Ad-Hoc|iPhoneSimulator
		Ad-Hoc|x86 = Ad-Hoc|x86
		AppStore|Any CPU = AppStore|Any CPU
		AppStore|iPhone = AppStore|iPhone
		AppStore|iPhoneSimulator = AppStore|iPhoneSimulator
		AppStore|x86 = AppStore|x86
		Debug|Any CPU = Debug|Any CPU
		Debug|iPhone = Debug|iPhone
		Debug|iPhoneSimulator = Debug|iPhoneSimulator
		Debug|x86 = Debug|x86
		Release|Any CPU = Release|Any CPU
		Release|iPhone = Release|iPhone
		Release|iPhoneSimulator = Release|iPhoneSimulator
		Release|x86 = Release|x86
	EndGlobalSection
	GlobalSection(ProjectConfigurationPlatforms) = postSolution
		{EC498878-28B3-4F7B-8E67-DAE651BEFEE0}.Ad-Hoc|Any CPU.ActiveCfg = Release|Any CPU
		{EC498878-28B3-4F7B-8E67-DAE651BEFEE0}.Ad-Hoc|Any CPU.Build.0 = Release|Any CPU
		{EC498878-28B3-4F7B-8E67-DAE651BEFEE0}.Ad-Hoc|iPhone.ActiveCfg = Release|Any CPU
		{EC498878-28B3-4F7B-8E67-DAE651BEFEE0}.Ad-Hoc|iPhone.Build.0 = Release|Any CPU
		{EC498878-28B3-4F7B-8E67-DAE651BEFEE0}.Ad-Hoc|iPhoneSimulator.ActiveCfg = Release|Any CPU
		{EC498878-28B3-4F7B-8E67-DAE651BEFEE0}.Ad-Hoc|iPhoneSimulator.Build.0 = Release|Any CPU
		{EC498878-28B3-4F7B-8E67-DAE651BEFEE0}.Ad-Hoc|x86.ActiveCfg = Release|Any CPU
		{EC498878-28B3-4F7B-8E67-DAE651BEFEE0}.Ad-Hoc|x86.Build.0 = Release|Any CPU
		{EC498878-28B3-4F7B-8E67-DAE651BEFEE0}.AppStore|Any CPU.ActiveCfg = Release|Any CPU
		{EC498878-28B3-4F7B-8E67-DAE651BEFEE0}.AppStore|Any CPU.Build.0 = Release|Any CPU
		{EC498878-28B3-4F7B-8E67-DAE651BEFEE0}.AppStore|iPhone.ActiveCfg = Release|Any CPU
		{EC498878-28B3-4F7B-8E67-DAE651BEFEE0}.AppStore|iPhone.Build.0 = Release|Any CPU
		{EC498878-28B3-4F7B-8E67-DAE651BEFEE0}.AppStore|iPhoneSimulator.ActiveCfg = Release|Any CPU
		{EC498878-28B3-4F7B-8E67-DAE651BEFEE0}.AppStore|iPhoneSimulator.Build.0 = Release|Any CPU
		{EC498878-28B3-4F7B-8E67-DAE651BEFEE0}.AppStore|x86.ActiveCfg = Release|Any CPU
		{EC498878-28B3-4F7B-8E67-DAE651BEFEE0}.AppStore|x86.Build.0 = Release|Any CPU
		{EC498878-28B3-4F7B-8E67-DAE651BEFEE0}.Debug|Any CPU.ActiveCfg = Debug|Any CPU
		{EC498878-28B3-4F7B-8E67-DAE651BEFEE0}.Debug|Any CPU.Build.0 = Debug|Any CPU
		{EC498878-28B3-4F7B-8E67-DAE651BEFEE0}.Debug|iPhone.ActiveCfg = Debug|Any CPU
		{EC498878-28B3-4F7B-8E67-DAE651BEFEE0}.Debug|iPhone.Build.0 = Debug|Any CPU
		{EC498878-28B3-4F7B-8E67-DAE651BEFEE0}.Debug|iPhoneSimulator.ActiveCfg = Debug|Any CPU
		{EC498878-28B3-4F7B-8E67-DAE651BEFEE0}.Debug|iPhoneSimulator.Build.0 = Debug|Any CPU
		{EC498878-28B3-4F7B-8E67-DAE651BEFEE0}.Debug|x86.ActiveCfg = Debug|Any CPU
		{EC498878-28B3-4F7B-8E67-DAE651BEFEE0}.Debug|x86.Build.0 = Debug|Any CPU
		{EC498878-28B3-4F7B-8E67-DAE651BEFEE0}.Release|Any CPU.ActiveCfg = Release|Any CPU
		{EC498878-28B3-4F7B-8E67-DAE651BEFEE0}.Release|Any CPU.Build.0 = Release|Any CPU
		{EC498878-28B3-4F7B-8E67-DAE651BEFEE0}.Release|iPhone.ActiveCfg = Release|Any CPU
		{EC498878-28B3-4F7B-8E67-DAE651BEFEE0}.Release|iPhone.Build.0 = Release|Any CPU
		{EC498878-28B3-4F7B-8E67-DAE651BEFEE0}.Release|iPhoneSimulator.ActiveCfg = Release|Any CPU
		{EC498878-28B3-4F7B-8E67-DAE651BEFEE0}.Release|iPhoneSimulator.Build.0 = Release|Any CPU
		{EC498878-28B3-4F7B-8E67-DAE651BEFEE0}.Release|x86.ActiveCfg = Release|Any CPU
		{EC498878-28B3-4F7B-8E67-DAE651BEFEE0}.Release|x86.Build.0 = Release|Any CPU
		{83F8D6E4-6014-499C-9DBF-48E10192F4DE}.Ad-Hoc|Any CPU.ActiveCfg = Release|Any CPU
		{83F8D6E4-6014-499C-9DBF-48E10192F4DE}.Ad-Hoc|Any CPU.Build.0 = Release|Any CPU
		{83F8D6E4-6014-499C-9DBF-48E10192F4DE}.Ad-Hoc|iPhone.ActiveCfg = Release|Any CPU
		{83F8D6E4-6014-499C-9DBF-48E10192F4DE}.Ad-Hoc|iPhone.Build.0 = Release|Any CPU
		{83F8D6E4-6014-499C-9DBF-48E10192F4DE}.Ad-Hoc|iPhoneSimulator.ActiveCfg = Release|Any CPU
		{83F8D6E4-6014-499C-9DBF-48E10192F4DE}.Ad-Hoc|iPhoneSimulator.Build.0 = Release|Any CPU
		{83F8D6E4-6014-499C-9DBF-48E10192F4DE}.Ad-Hoc|x86.ActiveCfg = Release|Any CPU
		{83F8D6E4-6014-499C-9DBF-48E10192F4DE}.Ad-Hoc|x86.Build.0 = Release|Any CPU
		{83F8D6E4-6014-499C-9DBF-48E10192F4DE}.AppStore|Any CPU.ActiveCfg = Release|Any CPU
		{83F8D6E4-6014-499C-9DBF-48E10192F4DE}.AppStore|Any CPU.Build.0 = Release|Any CPU
		{83F8D6E4-6014-499C-9DBF-48E10192F4DE}.AppStore|iPhone.ActiveCfg = Release|Any CPU
		{83F8D6E4-6014-499C-9DBF-48E10192F4DE}.AppStore|iPhone.Build.0 = Release|Any CPU
		{83F8D6E4-6014-499C-9DBF-48E10192F4DE}.AppStore|iPhoneSimulator.ActiveCfg = Release|Any CPU
		{83F8D6E4-6014-499C-9DBF-48E10192F4DE}.AppStore|iPhoneSimulator.Build.0 = Release|Any CPU
		{83F8D6E4-6014-499C-9DBF-48E10192F4DE}.AppStore|x86.ActiveCfg = Release|Any CPU
		{83F8D6E4-6014-499C-9DBF-48E10192F4DE}.AppStore|x86.Build.0 = Release|Any CPU
		{83F8D6E4-6014-499C-9DBF-48E10192F4DE}.Debug|Any CPU.ActiveCfg = Debug|Any CPU
		{83F8D6E4-6014-499C-9DBF-48E10192F4DE}.Debug|Any CPU.Build.0 = Debug|Any CPU
		{83F8D6E4-6014-499C-9DBF-48E10192F4DE}.Debug|iPhone.ActiveCfg = Debug|Any CPU
		{83F8D6E4-6014-499C-9DBF-48E10192F4DE}.Debug|iPhone.Build.0 = Debug|Any CPU
		{83F8D6E4-6014-499C-9DBF-48E10192F4DE}.Debug|iPhoneSimulator.ActiveCfg = Debug|Any CPU
		{83F8D6E4-6014-499C-9DBF-48E10192F4DE}.Debug|iPhoneSimulator.Build.0 = Debug|Any CPU
		{83F8D6E4-6014-499C-9DBF-48E10192F4DE}.Debug|x86.ActiveCfg = Debug|Any CPU
		{83F8D6E4-6014-499C-9DBF-48E10192F4DE}.Debug|x86.Build.0 = Debug|Any CPU
		{83F8D6E4-6014-499C-9DBF-48E10192F4DE}.Release|Any CPU.ActiveCfg = Release|Any CPU
		{83F8D6E4-6014-499C-9DBF-48E10192F4DE}.Release|Any CPU.Build.0 = Release|Any CPU
		{83F8D6E4-6014-499C-9DBF-48E10192F4DE}.Release|iPhone.ActiveCfg = Release|Any CPU
		{83F8D6E4-6014-499C-9DBF-48E10192F4DE}.Release|iPhone.Build.0 = Release|Any CPU
		{83F8D6E4-6014-499C-9DBF-48E10192F4DE}.Release|iPhoneSimulator.ActiveCfg = Release|Any CPU
		{83F8D6E4-6014-499C-9DBF-48E10192F4DE}.Release|iPhoneSimulator.Build.0 = Release|Any CPU
		{83F8D6E4-6014-499C-9DBF-48E10192F4DE}.Release|x86.ActiveCfg = Release|Any CPU
		{83F8D6E4-6014-499C-9DBF-48E10192F4DE}.Release|x86.Build.0 = Release|Any CPU
		{3F243E5A-909B-49FA-85C8-8E7F60DCAC58}.Ad-Hoc|Any CPU.ActiveCfg = Release|Any CPU
		{3F243E5A-909B-49FA-85C8-8E7F60DCAC58}.Ad-Hoc|Any CPU.Build.0 = Release|Any CPU
		{3F243E5A-909B-49FA-85C8-8E7F60DCAC58}.Ad-Hoc|iPhone.ActiveCfg = Release|Any CPU
		{3F243E5A-909B-49FA-85C8-8E7F60DCAC58}.Ad-Hoc|iPhone.Build.0 = Release|Any CPU
		{3F243E5A-909B-49FA-85C8-8E7F60DCAC58}.Ad-Hoc|iPhoneSimulator.ActiveCfg = Release|Any CPU
		{3F243E5A-909B-49FA-85C8-8E7F60DCAC58}.Ad-Hoc|iPhoneSimulator.Build.0 = Release|Any CPU
		{3F243E5A-909B-49FA-85C8-8E7F60DCAC58}.Ad-Hoc|x86.ActiveCfg = Release|Any CPU
		{3F243E5A-909B-49FA-85C8-8E7F60DCAC58}.Ad-Hoc|x86.Build.0 = Release|Any CPU
		{3F243E5A-909B-49FA-85C8-8E7F60DCAC58}.AppStore|Any CPU.ActiveCfg = Release|Any CPU
		{3F243E5A-909B-49FA-85C8-8E7F60DCAC58}.AppStore|Any CPU.Build.0 = Release|Any CPU
		{3F243E5A-909B-49FA-85C8-8E7F60DCAC58}.AppStore|iPhone.ActiveCfg = Release|Any CPU
		{3F243E5A-909B-49FA-85C8-8E7F60DCAC58}.AppStore|iPhone.Build.0 = Release|Any CPU
		{3F243E5A-909B-49FA-85C8-8E7F60DCAC58}.AppStore|iPhoneSimulator.ActiveCfg = Release|Any CPU
		{3F243E5A-909B-49FA-85C8-8E7F60DCAC58}.AppStore|iPhoneSimulator.Build.0 = Release|Any CPU
		{3F243E5A-909B-49FA-85C8-8E7F60DCAC58}.AppStore|x86.ActiveCfg = Release|Any CPU
		{3F243E5A-909B-49FA-85C8-8E7F60DCAC58}.AppStore|x86.Build.0 = Release|Any CPU
		{3F243E5A-909B-49FA-85C8-8E7F60DCAC58}.Debug|Any CPU.ActiveCfg = Debug|Any CPU
		{3F243E5A-909B-49FA-85C8-8E7F60DCAC58}.Debug|Any CPU.Build.0 = Debug|Any CPU
		{3F243E5A-909B-49FA-85C8-8E7F60DCAC58}.Debug|iPhone.ActiveCfg = Debug|Any CPU
		{3F243E5A-909B-49FA-85C8-8E7F60DCAC58}.Debug|iPhone.Build.0 = Debug|Any CPU
		{3F243E5A-909B-49FA-85C8-8E7F60DCAC58}.Debug|iPhoneSimulator.ActiveCfg = Debug|Any CPU
		{3F243E5A-909B-49FA-85C8-8E7F60DCAC58}.Debug|iPhoneSimulator.Build.0 = Debug|Any CPU
		{3F243E5A-909B-49FA-85C8-8E7F60DCAC58}.Debug|x86.ActiveCfg = Debug|Any CPU
		{3F243E5A-909B-49FA-85C8-8E7F60DCAC58}.Debug|x86.Build.0 = Debug|Any CPU
		{3F243E5A-909B-49FA-85C8-8E7F60DCAC58}.Release|Any CPU.ActiveCfg = Release|Any CPU
		{3F243E5A-909B-49FA-85C8-8E7F60DCAC58}.Release|Any CPU.Build.0 = Release|Any CPU
		{3F243E5A-909B-49FA-85C8-8E7F60DCAC58}.Release|iPhone.ActiveCfg = Release|Any CPU
		{3F243E5A-909B-49FA-85C8-8E7F60DCAC58}.Release|iPhone.Build.0 = Release|Any CPU
		{3F243E5A-909B-49FA-85C8-8E7F60DCAC58}.Release|iPhoneSimulator.ActiveCfg = Release|Any CPU
		{3F243E5A-909B-49FA-85C8-8E7F60DCAC58}.Release|iPhoneSimulator.Build.0 = Release|Any CPU
		{3F243E5A-909B-49FA-85C8-8E7F60DCAC58}.Release|x86.ActiveCfg = Release|Any CPU
		{3F243E5A-909B-49FA-85C8-8E7F60DCAC58}.Release|x86.Build.0 = Release|Any CPU
		{9B499F02-5B8A-4ABC-8D17-AED3B45117F4}.Ad-Hoc|Any CPU.ActiveCfg = Release|Any CPU
		{9B499F02-5B8A-4ABC-8D17-AED3B45117F4}.Ad-Hoc|Any CPU.Build.0 = Release|Any CPU
		{9B499F02-5B8A-4ABC-8D17-AED3B45117F4}.Ad-Hoc|iPhone.ActiveCfg = Release|Any CPU
		{9B499F02-5B8A-4ABC-8D17-AED3B45117F4}.Ad-Hoc|iPhone.Build.0 = Release|Any CPU
		{9B499F02-5B8A-4ABC-8D17-AED3B45117F4}.Ad-Hoc|iPhoneSimulator.ActiveCfg = Release|Any CPU
		{9B499F02-5B8A-4ABC-8D17-AED3B45117F4}.Ad-Hoc|iPhoneSimulator.Build.0 = Release|Any CPU
		{9B499F02-5B8A-4ABC-8D17-AED3B45117F4}.Ad-Hoc|x86.ActiveCfg = Release|Any CPU
		{9B499F02-5B8A-4ABC-8D17-AED3B45117F4}.Ad-Hoc|x86.Build.0 = Release|Any CPU
		{9B499F02-5B8A-4ABC-8D17-AED3B45117F4}.AppStore|Any CPU.ActiveCfg = Release|Any CPU
		{9B499F02-5B8A-4ABC-8D17-AED3B45117F4}.AppStore|Any CPU.Build.0 = Release|Any CPU
		{9B499F02-5B8A-4ABC-8D17-AED3B45117F4}.AppStore|iPhone.ActiveCfg = Release|Any CPU
		{9B499F02-5B8A-4ABC-8D17-AED3B45117F4}.AppStore|iPhone.Build.0 = Release|Any CPU
		{9B499F02-5B8A-4ABC-8D17-AED3B45117F4}.AppStore|iPhoneSimulator.ActiveCfg = Release|Any CPU
		{9B499F02-5B8A-4ABC-8D17-AED3B45117F4}.AppStore|iPhoneSimulator.Build.0 = Release|Any CPU
		{9B499F02-5B8A-4ABC-8D17-AED3B45117F4}.AppStore|x86.ActiveCfg = Release|Any CPU
		{9B499F02-5B8A-4ABC-8D17-AED3B45117F4}.AppStore|x86.Build.0 = Release|Any CPU
		{9B499F02-5B8A-4ABC-8D17-AED3B45117F4}.Debug|Any CPU.ActiveCfg = Debug|Any CPU
		{9B499F02-5B8A-4ABC-8D17-AED3B45117F4}.Debug|Any CPU.Build.0 = Debug|Any CPU
		{9B499F02-5B8A-4ABC-8D17-AED3B45117F4}.Debug|iPhone.ActiveCfg = Debug|Any CPU
		{9B499F02-5B8A-4ABC-8D17-AED3B45117F4}.Debug|iPhone.Build.0 = Debug|Any CPU
		{9B499F02-5B8A-4ABC-8D17-AED3B45117F4}.Debug|iPhoneSimulator.ActiveCfg = Debug|Any CPU
		{9B499F02-5B8A-4ABC-8D17-AED3B45117F4}.Debug|iPhoneSimulator.Build.0 = Debug|Any CPU
		{9B499F02-5B8A-4ABC-8D17-AED3B45117F4}.Debug|x86.ActiveCfg = Debug|Any CPU
		{9B499F02-5B8A-4ABC-8D17-AED3B45117F4}.Debug|x86.Build.0 = Debug|Any CPU
		{9B499F02-5B8A-4ABC-8D17-AED3B45117F4}.Release|Any CPU.ActiveCfg = Release|Any CPU
		{9B499F02-5B8A-4ABC-8D17-AED3B45117F4}.Release|Any CPU.Build.0 = Release|Any CPU
		{9B499F02-5B8A-4ABC-8D17-AED3B45117F4}.Release|iPhone.ActiveCfg = Release|Any CPU
		{9B499F02-5B8A-4ABC-8D17-AED3B45117F4}.Release|iPhone.Build.0 = Release|Any CPU
		{9B499F02-5B8A-4ABC-8D17-AED3B45117F4}.Release|iPhoneSimulator.ActiveCfg = Release|Any CPU
		{9B499F02-5B8A-4ABC-8D17-AED3B45117F4}.Release|iPhoneSimulator.Build.0 = Release|Any CPU
		{9B499F02-5B8A-4ABC-8D17-AED3B45117F4}.Release|x86.ActiveCfg = Release|Any CPU
		{9B499F02-5B8A-4ABC-8D17-AED3B45117F4}.Release|x86.Build.0 = Release|Any CPU
		{78F50EC3-C6F5-416E-B0A3-7B8433C75B0D}.Ad-Hoc|Any CPU.ActiveCfg = Release|Any CPU
		{78F50EC3-C6F5-416E-B0A3-7B8433C75B0D}.Ad-Hoc|Any CPU.Build.0 = Release|Any CPU
		{78F50EC3-C6F5-416E-B0A3-7B8433C75B0D}.Ad-Hoc|iPhone.ActiveCfg = Release|Any CPU
		{78F50EC3-C6F5-416E-B0A3-7B8433C75B0D}.Ad-Hoc|iPhone.Build.0 = Release|Any CPU
		{78F50EC3-C6F5-416E-B0A3-7B8433C75B0D}.Ad-Hoc|iPhoneSimulator.ActiveCfg = Release|Any CPU
		{78F50EC3-C6F5-416E-B0A3-7B8433C75B0D}.Ad-Hoc|iPhoneSimulator.Build.0 = Release|Any CPU
		{78F50EC3-C6F5-416E-B0A3-7B8433C75B0D}.Ad-Hoc|x86.ActiveCfg = Release|Any CPU
		{78F50EC3-C6F5-416E-B0A3-7B8433C75B0D}.Ad-Hoc|x86.Build.0 = Release|Any CPU
		{78F50EC3-C6F5-416E-B0A3-7B8433C75B0D}.AppStore|Any CPU.ActiveCfg = Release|Any CPU
		{78F50EC3-C6F5-416E-B0A3-7B8433C75B0D}.AppStore|Any CPU.Build.0 = Release|Any CPU
		{78F50EC3-C6F5-416E-B0A3-7B8433C75B0D}.AppStore|iPhone.ActiveCfg = Release|Any CPU
		{78F50EC3-C6F5-416E-B0A3-7B8433C75B0D}.AppStore|iPhone.Build.0 = Release|Any CPU
		{78F50EC3-C6F5-416E-B0A3-7B8433C75B0D}.AppStore|iPhoneSimulator.ActiveCfg = Release|Any CPU
		{78F50EC3-C6F5-416E-B0A3-7B8433C75B0D}.AppStore|iPhoneSimulator.Build.0 = Release|Any CPU
		{78F50EC3-C6F5-416E-B0A3-7B8433C75B0D}.AppStore|x86.ActiveCfg = Release|Any CPU
		{78F50EC3-C6F5-416E-B0A3-7B8433C75B0D}.AppStore|x86.Build.0 = Release|Any CPU
		{78F50EC3-C6F5-416E-B0A3-7B8433C75B0D}.Debug|Any CPU.ActiveCfg = Debug|Any CPU
		{78F50EC3-C6F5-416E-B0A3-7B8433C75B0D}.Debug|Any CPU.Build.0 = Debug|Any CPU
		{78F50EC3-C6F5-416E-B0A3-7B8433C75B0D}.Debug|iPhone.ActiveCfg = Debug|Any CPU
		{78F50EC3-C6F5-416E-B0A3-7B8433C75B0D}.Debug|iPhone.Build.0 = Debug|Any CPU
		{78F50EC3-C6F5-416E-B0A3-7B8433C75B0D}.Debug|iPhoneSimulator.ActiveCfg = Debug|Any CPU
		{78F50EC3-C6F5-416E-B0A3-7B8433C75B0D}.Debug|iPhoneSimulator.Build.0 = Debug|Any CPU
		{78F50EC3-C6F5-416E-B0A3-7B8433C75B0D}.Debug|x86.ActiveCfg = Debug|Any CPU
		{78F50EC3-C6F5-416E-B0A3-7B8433C75B0D}.Debug|x86.Build.0 = Debug|Any CPU
		{78F50EC3-C6F5-416E-B0A3-7B8433C75B0D}.Release|Any CPU.ActiveCfg = Release|Any CPU
		{78F50EC3-C6F5-416E-B0A3-7B8433C75B0D}.Release|Any CPU.Build.0 = Release|Any CPU
		{78F50EC3-C6F5-416E-B0A3-7B8433C75B0D}.Release|iPhone.ActiveCfg = Release|Any CPU
		{78F50EC3-C6F5-416E-B0A3-7B8433C75B0D}.Release|iPhone.Build.0 = Release|Any CPU
		{78F50EC3-C6F5-416E-B0A3-7B8433C75B0D}.Release|iPhoneSimulator.ActiveCfg = Release|Any CPU
		{78F50EC3-C6F5-416E-B0A3-7B8433C75B0D}.Release|iPhoneSimulator.Build.0 = Release|Any CPU
		{78F50EC3-C6F5-416E-B0A3-7B8433C75B0D}.Release|x86.ActiveCfg = Release|Any CPU
		{78F50EC3-C6F5-416E-B0A3-7B8433C75B0D}.Release|x86.Build.0 = Release|Any CPU
		{404033A1-3D64-4FE5-AF3E-1FC20F2FF46D}.Ad-Hoc|Any CPU.ActiveCfg = Release|Any CPU
		{404033A1-3D64-4FE5-AF3E-1FC20F2FF46D}.Ad-Hoc|Any CPU.Build.0 = Release|Any CPU
		{404033A1-3D64-4FE5-AF3E-1FC20F2FF46D}.Ad-Hoc|iPhone.ActiveCfg = Release|Any CPU
		{404033A1-3D64-4FE5-AF3E-1FC20F2FF46D}.Ad-Hoc|iPhone.Build.0 = Release|Any CPU
		{404033A1-3D64-4FE5-AF3E-1FC20F2FF46D}.Ad-Hoc|iPhoneSimulator.ActiveCfg = Release|Any CPU
		{404033A1-3D64-4FE5-AF3E-1FC20F2FF46D}.Ad-Hoc|iPhoneSimulator.Build.0 = Release|Any CPU
		{404033A1-3D64-4FE5-AF3E-1FC20F2FF46D}.Ad-Hoc|x86.ActiveCfg = Release|Any CPU
		{404033A1-3D64-4FE5-AF3E-1FC20F2FF46D}.Ad-Hoc|x86.Build.0 = Release|Any CPU
		{404033A1-3D64-4FE5-AF3E-1FC20F2FF46D}.AppStore|Any CPU.ActiveCfg = Release|Any CPU
		{404033A1-3D64-4FE5-AF3E-1FC20F2FF46D}.AppStore|Any CPU.Build.0 = Release|Any CPU
		{404033A1-3D64-4FE5-AF3E-1FC20F2FF46D}.AppStore|iPhone.ActiveCfg = Release|Any CPU
		{404033A1-3D64-4FE5-AF3E-1FC20F2FF46D}.AppStore|iPhone.Build.0 = Release|Any CPU
		{404033A1-3D64-4FE5-AF3E-1FC20F2FF46D}.AppStore|iPhoneSimulator.ActiveCfg = Release|Any CPU
		{404033A1-3D64-4FE5-AF3E-1FC20F2FF46D}.AppStore|iPhoneSimulator.Build.0 = Release|Any CPU
		{404033A1-3D64-4FE5-AF3E-1FC20F2FF46D}.AppStore|x86.ActiveCfg = Release|Any CPU
		{404033A1-3D64-4FE5-AF3E-1FC20F2FF46D}.AppStore|x86.Build.0 = Release|Any CPU
		{404033A1-3D64-4FE5-AF3E-1FC20F2FF46D}.Debug|Any CPU.ActiveCfg = Debug|Any CPU
		{404033A1-3D64-4FE5-AF3E-1FC20F2FF46D}.Debug|Any CPU.Build.0 = Debug|Any CPU
		{404033A1-3D64-4FE5-AF3E-1FC20F2FF46D}.Debug|iPhone.ActiveCfg = Debug|Any CPU
		{404033A1-3D64-4FE5-AF3E-1FC20F2FF46D}.Debug|iPhone.Build.0 = Debug|Any CPU
		{404033A1-3D64-4FE5-AF3E-1FC20F2FF46D}.Debug|iPhoneSimulator.ActiveCfg = Debug|Any CPU
		{404033A1-3D64-4FE5-AF3E-1FC20F2FF46D}.Debug|iPhoneSimulator.Build.0 = Debug|Any CPU
		{404033A1-3D64-4FE5-AF3E-1FC20F2FF46D}.Debug|x86.ActiveCfg = Debug|Any CPU
		{404033A1-3D64-4FE5-AF3E-1FC20F2FF46D}.Debug|x86.Build.0 = Debug|Any CPU
		{404033A1-3D64-4FE5-AF3E-1FC20F2FF46D}.Release|Any CPU.ActiveCfg = Release|Any CPU
		{404033A1-3D64-4FE5-AF3E-1FC20F2FF46D}.Release|Any CPU.Build.0 = Release|Any CPU
		{404033A1-3D64-4FE5-AF3E-1FC20F2FF46D}.Release|iPhone.ActiveCfg = Release|Any CPU
		{404033A1-3D64-4FE5-AF3E-1FC20F2FF46D}.Release|iPhone.Build.0 = Release|Any CPU
		{404033A1-3D64-4FE5-AF3E-1FC20F2FF46D}.Release|iPhoneSimulator.ActiveCfg = Release|Any CPU
		{404033A1-3D64-4FE5-AF3E-1FC20F2FF46D}.Release|iPhoneSimulator.Build.0 = Release|Any CPU
		{404033A1-3D64-4FE5-AF3E-1FC20F2FF46D}.Release|x86.ActiveCfg = Release|Any CPU
		{404033A1-3D64-4FE5-AF3E-1FC20F2FF46D}.Release|x86.Build.0 = Release|Any CPU
		{51289DAF-37FC-4DB1-BB48-96443E161E5B}.Ad-Hoc|Any CPU.ActiveCfg = Release|Any CPU
		{51289DAF-37FC-4DB1-BB48-96443E161E5B}.Ad-Hoc|Any CPU.Build.0 = Release|Any CPU
		{51289DAF-37FC-4DB1-BB48-96443E161E5B}.Ad-Hoc|iPhone.ActiveCfg = Release|Any CPU
		{51289DAF-37FC-4DB1-BB48-96443E161E5B}.Ad-Hoc|iPhone.Build.0 = Release|Any CPU
		{51289DAF-37FC-4DB1-BB48-96443E161E5B}.Ad-Hoc|iPhoneSimulator.ActiveCfg = Release|Any CPU
		{51289DAF-37FC-4DB1-BB48-96443E161E5B}.Ad-Hoc|iPhoneSimulator.Build.0 = Release|Any CPU
		{51289DAF-37FC-4DB1-BB48-96443E161E5B}.Ad-Hoc|x86.ActiveCfg = Release|Any CPU
		{51289DAF-37FC-4DB1-BB48-96443E161E5B}.Ad-Hoc|x86.Build.0 = Release|Any CPU
		{51289DAF-37FC-4DB1-BB48-96443E161E5B}.AppStore|Any CPU.ActiveCfg = Release|Any CPU
		{51289DAF-37FC-4DB1-BB48-96443E161E5B}.AppStore|Any CPU.Build.0 = Release|Any CPU
		{51289DAF-37FC-4DB1-BB48-96443E161E5B}.AppStore|iPhone.ActiveCfg = Release|Any CPU
		{51289DAF-37FC-4DB1-BB48-96443E161E5B}.AppStore|iPhone.Build.0 = Release|Any CPU
		{51289DAF-37FC-4DB1-BB48-96443E161E5B}.AppStore|iPhoneSimulator.ActiveCfg = Release|Any CPU
		{51289DAF-37FC-4DB1-BB48-96443E161E5B}.AppStore|iPhoneSimulator.Build.0 = Release|Any CPU
		{51289DAF-37FC-4DB1-BB48-96443E161E5B}.AppStore|x86.ActiveCfg = Release|Any CPU
		{51289DAF-37FC-4DB1-BB48-96443E161E5B}.AppStore|x86.Build.0 = Release|Any CPU
		{51289DAF-37FC-4DB1-BB48-96443E161E5B}.Debug|Any CPU.ActiveCfg = Debug|Any CPU
		{51289DAF-37FC-4DB1-BB48-96443E161E5B}.Debug|Any CPU.Build.0 = Debug|Any CPU
		{51289DAF-37FC-4DB1-BB48-96443E161E5B}.Debug|iPhone.ActiveCfg = Debug|Any CPU
		{51289DAF-37FC-4DB1-BB48-96443E161E5B}.Debug|iPhone.Build.0 = Debug|Any CPU
		{51289DAF-37FC-4DB1-BB48-96443E161E5B}.Debug|iPhoneSimulator.ActiveCfg = Debug|Any CPU
		{51289DAF-37FC-4DB1-BB48-96443E161E5B}.Debug|iPhoneSimulator.Build.0 = Debug|Any CPU
		{51289DAF-37FC-4DB1-BB48-96443E161E5B}.Debug|x86.ActiveCfg = Debug|Any CPU
		{51289DAF-37FC-4DB1-BB48-96443E161E5B}.Debug|x86.Build.0 = Debug|Any CPU
		{51289DAF-37FC-4DB1-BB48-96443E161E5B}.Release|Any CPU.ActiveCfg = Release|Any CPU
		{51289DAF-37FC-4DB1-BB48-96443E161E5B}.Release|Any CPU.Build.0 = Release|Any CPU
		{51289DAF-37FC-4DB1-BB48-96443E161E5B}.Release|iPhone.ActiveCfg = Release|Any CPU
		{51289DAF-37FC-4DB1-BB48-96443E161E5B}.Release|iPhone.Build.0 = Release|Any CPU
		{51289DAF-37FC-4DB1-BB48-96443E161E5B}.Release|iPhoneSimulator.ActiveCfg = Release|Any CPU
		{51289DAF-37FC-4DB1-BB48-96443E161E5B}.Release|iPhoneSimulator.Build.0 = Release|Any CPU
		{51289DAF-37FC-4DB1-BB48-96443E161E5B}.Release|x86.ActiveCfg = Release|Any CPU
		{51289DAF-37FC-4DB1-BB48-96443E161E5B}.Release|x86.Build.0 = Release|Any CPU
		{6E682A14-C872-4813-B620-76E108DEA683}.Ad-Hoc|Any CPU.ActiveCfg = Release|Any CPU
		{6E682A14-C872-4813-B620-76E108DEA683}.Ad-Hoc|Any CPU.Build.0 = Release|Any CPU
		{6E682A14-C872-4813-B620-76E108DEA683}.Ad-Hoc|iPhone.ActiveCfg = Release|Any CPU
		{6E682A14-C872-4813-B620-76E108DEA683}.Ad-Hoc|iPhone.Build.0 = Release|Any CPU
		{6E682A14-C872-4813-B620-76E108DEA683}.Ad-Hoc|iPhoneSimulator.ActiveCfg = Release|Any CPU
		{6E682A14-C872-4813-B620-76E108DEA683}.Ad-Hoc|iPhoneSimulator.Build.0 = Release|Any CPU
		{6E682A14-C872-4813-B620-76E108DEA683}.Ad-Hoc|x86.ActiveCfg = Release|x86
		{6E682A14-C872-4813-B620-76E108DEA683}.Ad-Hoc|x86.Build.0 = Release|x86
		{6E682A14-C872-4813-B620-76E108DEA683}.AppStore|Any CPU.ActiveCfg = Release|Any CPU
		{6E682A14-C872-4813-B620-76E108DEA683}.AppStore|Any CPU.Build.0 = Release|Any CPU
		{6E682A14-C872-4813-B620-76E108DEA683}.AppStore|iPhone.ActiveCfg = Release|Any CPU
		{6E682A14-C872-4813-B620-76E108DEA683}.AppStore|iPhone.Build.0 = Release|Any CPU
		{6E682A14-C872-4813-B620-76E108DEA683}.AppStore|iPhoneSimulator.ActiveCfg = Release|Any CPU
		{6E682A14-C872-4813-B620-76E108DEA683}.AppStore|iPhoneSimulator.Build.0 = Release|Any CPU
		{6E682A14-C872-4813-B620-76E108DEA683}.AppStore|x86.ActiveCfg = Release|x86
		{6E682A14-C872-4813-B620-76E108DEA683}.AppStore|x86.Build.0 = Release|x86
		{6E682A14-C872-4813-B620-76E108DEA683}.Debug|Any CPU.ActiveCfg = Debug|Any CPU
		{6E682A14-C872-4813-B620-76E108DEA683}.Debug|Any CPU.Build.0 = Debug|Any CPU
		{6E682A14-C872-4813-B620-76E108DEA683}.Debug|iPhone.ActiveCfg = Debug|Any CPU
		{6E682A14-C872-4813-B620-76E108DEA683}.Debug|iPhone.Build.0 = Debug|Any CPU
		{6E682A14-C872-4813-B620-76E108DEA683}.Debug|iPhoneSimulator.ActiveCfg = Debug|Any CPU
		{6E682A14-C872-4813-B620-76E108DEA683}.Debug|iPhoneSimulator.Build.0 = Debug|Any CPU
		{6E682A14-C872-4813-B620-76E108DEA683}.Debug|x86.ActiveCfg = Debug|x86
		{6E682A14-C872-4813-B620-76E108DEA683}.Debug|x86.Build.0 = Debug|x86
		{6E682A14-C872-4813-B620-76E108DEA683}.Release|Any CPU.ActiveCfg = Release|Any CPU
		{6E682A14-C872-4813-B620-76E108DEA683}.Release|Any CPU.Build.0 = Release|Any CPU
		{6E682A14-C872-4813-B620-76E108DEA683}.Release|iPhone.ActiveCfg = Release|Any CPU
		{6E682A14-C872-4813-B620-76E108DEA683}.Release|iPhone.Build.0 = Release|Any CPU
		{6E682A14-C872-4813-B620-76E108DEA683}.Release|iPhoneSimulator.ActiveCfg = Release|Any CPU
		{6E682A14-C872-4813-B620-76E108DEA683}.Release|iPhoneSimulator.Build.0 = Release|Any CPU
		{6E682A14-C872-4813-B620-76E108DEA683}.Release|x86.ActiveCfg = Release|x86
		{6E682A14-C872-4813-B620-76E108DEA683}.Release|x86.Build.0 = Release|x86
		{F68A1D19-93FB-47C1-A22B-42BEA3E4FD8C}.Ad-Hoc|Any CPU.ActiveCfg = Release|Any CPU
		{F68A1D19-93FB-47C1-A22B-42BEA3E4FD8C}.Ad-Hoc|Any CPU.Build.0 = Release|Any CPU
		{F68A1D19-93FB-47C1-A22B-42BEA3E4FD8C}.Ad-Hoc|iPhone.ActiveCfg = Release|Any CPU
		{F68A1D19-93FB-47C1-A22B-42BEA3E4FD8C}.Ad-Hoc|iPhone.Build.0 = Release|Any CPU
		{F68A1D19-93FB-47C1-A22B-42BEA3E4FD8C}.Ad-Hoc|iPhoneSimulator.ActiveCfg = Release|Any CPU
		{F68A1D19-93FB-47C1-A22B-42BEA3E4FD8C}.Ad-Hoc|iPhoneSimulator.Build.0 = Release|Any CPU
		{F68A1D19-93FB-47C1-A22B-42BEA3E4FD8C}.Ad-Hoc|x86.ActiveCfg = Release|Any CPU
		{F68A1D19-93FB-47C1-A22B-42BEA3E4FD8C}.Ad-Hoc|x86.Build.0 = Release|Any CPU
		{F68A1D19-93FB-47C1-A22B-42BEA3E4FD8C}.AppStore|Any CPU.ActiveCfg = Release|Any CPU
		{F68A1D19-93FB-47C1-A22B-42BEA3E4FD8C}.AppStore|Any CPU.Build.0 = Release|Any CPU
		{F68A1D19-93FB-47C1-A22B-42BEA3E4FD8C}.AppStore|iPhone.ActiveCfg = Release|Any CPU
		{F68A1D19-93FB-47C1-A22B-42BEA3E4FD8C}.AppStore|iPhone.Build.0 = Release|Any CPU
		{F68A1D19-93FB-47C1-A22B-42BEA3E4FD8C}.AppStore|iPhoneSimulator.ActiveCfg = Release|Any CPU
		{F68A1D19-93FB-47C1-A22B-42BEA3E4FD8C}.AppStore|iPhoneSimulator.Build.0 = Release|Any CPU
		{F68A1D19-93FB-47C1-A22B-42BEA3E4FD8C}.AppStore|x86.ActiveCfg = Release|Any CPU
		{F68A1D19-93FB-47C1-A22B-42BEA3E4FD8C}.AppStore|x86.Build.0 = Release|Any CPU
		{F68A1D19-93FB-47C1-A22B-42BEA3E4FD8C}.Debug|Any CPU.ActiveCfg = Debug|Any CPU
		{F68A1D19-93FB-47C1-A22B-42BEA3E4FD8C}.Debug|Any CPU.Build.0 = Debug|Any CPU
		{F68A1D19-93FB-47C1-A22B-42BEA3E4FD8C}.Debug|iPhone.ActiveCfg = Debug|Any CPU
		{F68A1D19-93FB-47C1-A22B-42BEA3E4FD8C}.Debug|iPhone.Build.0 = Debug|Any CPU
		{F68A1D19-93FB-47C1-A22B-42BEA3E4FD8C}.Debug|iPhoneSimulator.ActiveCfg = Debug|Any CPU
		{F68A1D19-93FB-47C1-A22B-42BEA3E4FD8C}.Debug|iPhoneSimulator.Build.0 = Debug|Any CPU
		{F68A1D19-93FB-47C1-A22B-42BEA3E4FD8C}.Debug|x86.ActiveCfg = Debug|Any CPU
		{F68A1D19-93FB-47C1-A22B-42BEA3E4FD8C}.Debug|x86.Build.0 = Debug|Any CPU
		{F68A1D19-93FB-47C1-A22B-42BEA3E4FD8C}.Release|Any CPU.ActiveCfg = Release|Any CPU
		{F68A1D19-93FB-47C1-A22B-42BEA3E4FD8C}.Release|Any CPU.Build.0 = Release|Any CPU
		{F68A1D19-93FB-47C1-A22B-42BEA3E4FD8C}.Release|iPhone.ActiveCfg = Release|Any CPU
		{F68A1D19-93FB-47C1-A22B-42BEA3E4FD8C}.Release|iPhone.Build.0 = Release|Any CPU
		{F68A1D19-93FB-47C1-A22B-42BEA3E4FD8C}.Release|iPhoneSimulator.ActiveCfg = Release|Any CPU
		{F68A1D19-93FB-47C1-A22B-42BEA3E4FD8C}.Release|iPhoneSimulator.Build.0 = Release|Any CPU
		{F68A1D19-93FB-47C1-A22B-42BEA3E4FD8C}.Release|x86.ActiveCfg = Release|Any CPU
		{F68A1D19-93FB-47C1-A22B-42BEA3E4FD8C}.Release|x86.Build.0 = Release|Any CPU
		{86F86650-EE3C-4372-8FEC-40C2FE015022}.Ad-Hoc|Any CPU.ActiveCfg = Release|Any CPU
		{86F86650-EE3C-4372-8FEC-40C2FE015022}.Ad-Hoc|Any CPU.Build.0 = Release|Any CPU
		{86F86650-EE3C-4372-8FEC-40C2FE015022}.Ad-Hoc|iPhone.ActiveCfg = Release|Any CPU
		{86F86650-EE3C-4372-8FEC-40C2FE015022}.Ad-Hoc|iPhone.Build.0 = Release|Any CPU
		{86F86650-EE3C-4372-8FEC-40C2FE015022}.Ad-Hoc|iPhoneSimulator.ActiveCfg = Release|Any CPU
		{86F86650-EE3C-4372-8FEC-40C2FE015022}.Ad-Hoc|iPhoneSimulator.Build.0 = Release|Any CPU
		{86F86650-EE3C-4372-8FEC-40C2FE015022}.Ad-Hoc|x86.ActiveCfg = Release|Any CPU
		{86F86650-EE3C-4372-8FEC-40C2FE015022}.Ad-Hoc|x86.Build.0 = Release|Any CPU
		{86F86650-EE3C-4372-8FEC-40C2FE015022}.AppStore|Any CPU.ActiveCfg = Release|Any CPU
		{86F86650-EE3C-4372-8FEC-40C2FE015022}.AppStore|Any CPU.Build.0 = Release|Any CPU
		{86F86650-EE3C-4372-8FEC-40C2FE015022}.AppStore|iPhone.ActiveCfg = Release|Any CPU
		{86F86650-EE3C-4372-8FEC-40C2FE015022}.AppStore|iPhone.Build.0 = Release|Any CPU
		{86F86650-EE3C-4372-8FEC-40C2FE015022}.AppStore|iPhoneSimulator.ActiveCfg = Release|Any CPU
		{86F86650-EE3C-4372-8FEC-40C2FE015022}.AppStore|iPhoneSimulator.Build.0 = Release|Any CPU
		{86F86650-EE3C-4372-8FEC-40C2FE015022}.AppStore|x86.ActiveCfg = Release|Any CPU
		{86F86650-EE3C-4372-8FEC-40C2FE015022}.AppStore|x86.Build.0 = Release|Any CPU
		{86F86650-EE3C-4372-8FEC-40C2FE015022}.Debug|Any CPU.ActiveCfg = Debug|Any CPU
		{86F86650-EE3C-4372-8FEC-40C2FE015022}.Debug|Any CPU.Build.0 = Debug|Any CPU
		{86F86650-EE3C-4372-8FEC-40C2FE015022}.Debug|iPhone.ActiveCfg = Debug|Any CPU
		{86F86650-EE3C-4372-8FEC-40C2FE015022}.Debug|iPhone.Build.0 = Debug|Any CPU
		{86F86650-EE3C-4372-8FEC-40C2FE015022}.Debug|iPhoneSimulator.ActiveCfg = Debug|Any CPU
		{86F86650-EE3C-4372-8FEC-40C2FE015022}.Debug|iPhoneSimulator.Build.0 = Debug|Any CPU
		{86F86650-EE3C-4372-8FEC-40C2FE015022}.Debug|x86.ActiveCfg = Debug|Any CPU
		{86F86650-EE3C-4372-8FEC-40C2FE015022}.Debug|x86.Build.0 = Debug|Any CPU
		{86F86650-EE3C-4372-8FEC-40C2FE015022}.Release|Any CPU.ActiveCfg = Release|Any CPU
		{86F86650-EE3C-4372-8FEC-40C2FE015022}.Release|Any CPU.Build.0 = Release|Any CPU
		{86F86650-EE3C-4372-8FEC-40C2FE015022}.Release|iPhone.ActiveCfg = Release|Any CPU
		{86F86650-EE3C-4372-8FEC-40C2FE015022}.Release|iPhone.Build.0 = Release|Any CPU
		{86F86650-EE3C-4372-8FEC-40C2FE015022}.Release|iPhoneSimulator.ActiveCfg = Release|Any CPU
		{86F86650-EE3C-4372-8FEC-40C2FE015022}.Release|iPhoneSimulator.Build.0 = Release|Any CPU
		{86F86650-EE3C-4372-8FEC-40C2FE015022}.Release|x86.ActiveCfg = Release|Any CPU
		{86F86650-EE3C-4372-8FEC-40C2FE015022}.Release|x86.Build.0 = Release|Any CPU
		{A2D1EA8D-DF5D-4B30-94E4-8447DBB835AA}.Ad-Hoc|Any CPU.ActiveCfg = Release|Any CPU
		{A2D1EA8D-DF5D-4B30-94E4-8447DBB835AA}.Ad-Hoc|Any CPU.Build.0 = Release|Any CPU
		{A2D1EA8D-DF5D-4B30-94E4-8447DBB835AA}.Ad-Hoc|Any CPU.Deploy.0 = Release|Any CPU
		{A2D1EA8D-DF5D-4B30-94E4-8447DBB835AA}.Ad-Hoc|iPhone.ActiveCfg = Release|Any CPU
		{A2D1EA8D-DF5D-4B30-94E4-8447DBB835AA}.Ad-Hoc|iPhone.Build.0 = Release|Any CPU
		{A2D1EA8D-DF5D-4B30-94E4-8447DBB835AA}.Ad-Hoc|iPhone.Deploy.0 = Release|Any CPU
		{A2D1EA8D-DF5D-4B30-94E4-8447DBB835AA}.Ad-Hoc|iPhoneSimulator.ActiveCfg = Release|Any CPU
		{A2D1EA8D-DF5D-4B30-94E4-8447DBB835AA}.Ad-Hoc|iPhoneSimulator.Build.0 = Release|Any CPU
		{A2D1EA8D-DF5D-4B30-94E4-8447DBB835AA}.Ad-Hoc|iPhoneSimulator.Deploy.0 = Release|Any CPU
		{A2D1EA8D-DF5D-4B30-94E4-8447DBB835AA}.Ad-Hoc|x86.ActiveCfg = Release|Any CPU
		{A2D1EA8D-DF5D-4B30-94E4-8447DBB835AA}.Ad-Hoc|x86.Build.0 = Release|Any CPU
		{A2D1EA8D-DF5D-4B30-94E4-8447DBB835AA}.Ad-Hoc|x86.Deploy.0 = Release|Any CPU
		{A2D1EA8D-DF5D-4B30-94E4-8447DBB835AA}.AppStore|Any CPU.ActiveCfg = Release|Any CPU
		{A2D1EA8D-DF5D-4B30-94E4-8447DBB835AA}.AppStore|Any CPU.Build.0 = Release|Any CPU
		{A2D1EA8D-DF5D-4B30-94E4-8447DBB835AA}.AppStore|Any CPU.Deploy.0 = Release|Any CPU
		{A2D1EA8D-DF5D-4B30-94E4-8447DBB835AA}.AppStore|iPhone.ActiveCfg = Release|Any CPU
		{A2D1EA8D-DF5D-4B30-94E4-8447DBB835AA}.AppStore|iPhone.Build.0 = Release|Any CPU
		{A2D1EA8D-DF5D-4B30-94E4-8447DBB835AA}.AppStore|iPhone.Deploy.0 = Release|Any CPU
		{A2D1EA8D-DF5D-4B30-94E4-8447DBB835AA}.AppStore|iPhoneSimulator.ActiveCfg = Release|Any CPU
		{A2D1EA8D-DF5D-4B30-94E4-8447DBB835AA}.AppStore|iPhoneSimulator.Build.0 = Release|Any CPU
		{A2D1EA8D-DF5D-4B30-94E4-8447DBB835AA}.AppStore|iPhoneSimulator.Deploy.0 = Release|Any CPU
		{A2D1EA8D-DF5D-4B30-94E4-8447DBB835AA}.AppStore|x86.ActiveCfg = Release|Any CPU
		{A2D1EA8D-DF5D-4B30-94E4-8447DBB835AA}.AppStore|x86.Build.0 = Release|Any CPU
		{A2D1EA8D-DF5D-4B30-94E4-8447DBB835AA}.AppStore|x86.Deploy.0 = Release|Any CPU
		{A2D1EA8D-DF5D-4B30-94E4-8447DBB835AA}.Debug|Any CPU.ActiveCfg = Debug|Any CPU
		{A2D1EA8D-DF5D-4B30-94E4-8447DBB835AA}.Debug|Any CPU.Build.0 = Debug|Any CPU
		{A2D1EA8D-DF5D-4B30-94E4-8447DBB835AA}.Debug|Any CPU.Deploy.0 = Debug|Any CPU
		{A2D1EA8D-DF5D-4B30-94E4-8447DBB835AA}.Debug|iPhone.ActiveCfg = Debug|Any CPU
		{A2D1EA8D-DF5D-4B30-94E4-8447DBB835AA}.Debug|iPhone.Build.0 = Debug|Any CPU
		{A2D1EA8D-DF5D-4B30-94E4-8447DBB835AA}.Debug|iPhone.Deploy.0 = Debug|Any CPU
		{A2D1EA8D-DF5D-4B30-94E4-8447DBB835AA}.Debug|iPhoneSimulator.ActiveCfg = Debug|Any CPU
		{A2D1EA8D-DF5D-4B30-94E4-8447DBB835AA}.Debug|iPhoneSimulator.Build.0 = Debug|Any CPU
		{A2D1EA8D-DF5D-4B30-94E4-8447DBB835AA}.Debug|iPhoneSimulator.Deploy.0 = Debug|Any CPU
		{A2D1EA8D-DF5D-4B30-94E4-8447DBB835AA}.Debug|x86.ActiveCfg = Debug|Any CPU
		{A2D1EA8D-DF5D-4B30-94E4-8447DBB835AA}.Debug|x86.Build.0 = Debug|Any CPU
		{A2D1EA8D-DF5D-4B30-94E4-8447DBB835AA}.Debug|x86.Deploy.0 = Debug|Any CPU
		{A2D1EA8D-DF5D-4B30-94E4-8447DBB835AA}.Release|Any CPU.ActiveCfg = Release|Any CPU
		{A2D1EA8D-DF5D-4B30-94E4-8447DBB835AA}.Release|Any CPU.Build.0 = Release|Any CPU
		{A2D1EA8D-DF5D-4B30-94E4-8447DBB835AA}.Release|Any CPU.Deploy.0 = Release|Any CPU
		{A2D1EA8D-DF5D-4B30-94E4-8447DBB835AA}.Release|iPhone.ActiveCfg = Release|Any CPU
		{A2D1EA8D-DF5D-4B30-94E4-8447DBB835AA}.Release|iPhone.Build.0 = Release|Any CPU
		{A2D1EA8D-DF5D-4B30-94E4-8447DBB835AA}.Release|iPhone.Deploy.0 = Release|Any CPU
		{A2D1EA8D-DF5D-4B30-94E4-8447DBB835AA}.Release|iPhoneSimulator.ActiveCfg = Release|Any CPU
		{A2D1EA8D-DF5D-4B30-94E4-8447DBB835AA}.Release|iPhoneSimulator.Build.0 = Release|Any CPU
		{A2D1EA8D-DF5D-4B30-94E4-8447DBB835AA}.Release|iPhoneSimulator.Deploy.0 = Release|Any CPU
		{A2D1EA8D-DF5D-4B30-94E4-8447DBB835AA}.Release|x86.ActiveCfg = Release|Any CPU
		{A2D1EA8D-DF5D-4B30-94E4-8447DBB835AA}.Release|x86.Build.0 = Release|Any CPU
		{A2D1EA8D-DF5D-4B30-94E4-8447DBB835AA}.Release|x86.Deploy.0 = Release|Any CPU
		{5532E8FA-B25B-4EBD-B3A9-15D9A684A526}.Ad-Hoc|Any CPU.ActiveCfg = Ad-Hoc|iPhone
		{5532E8FA-B25B-4EBD-B3A9-15D9A684A526}.Ad-Hoc|iPhone.ActiveCfg = Ad-Hoc|iPhone
		{5532E8FA-B25B-4EBD-B3A9-15D9A684A526}.Ad-Hoc|iPhone.Build.0 = Ad-Hoc|iPhone
		{5532E8FA-B25B-4EBD-B3A9-15D9A684A526}.Ad-Hoc|iPhoneSimulator.ActiveCfg = Ad-Hoc|iPhoneSimulator
		{5532E8FA-B25B-4EBD-B3A9-15D9A684A526}.Ad-Hoc|iPhoneSimulator.Build.0 = Ad-Hoc|iPhoneSimulator
		{5532E8FA-B25B-4EBD-B3A9-15D9A684A526}.Ad-Hoc|x86.ActiveCfg = Ad-Hoc|iPhone
		{5532E8FA-B25B-4EBD-B3A9-15D9A684A526}.AppStore|Any CPU.ActiveCfg = AppStore|iPhone
		{5532E8FA-B25B-4EBD-B3A9-15D9A684A526}.AppStore|iPhone.ActiveCfg = AppStore|iPhone
		{5532E8FA-B25B-4EBD-B3A9-15D9A684A526}.AppStore|iPhone.Build.0 = AppStore|iPhone
		{5532E8FA-B25B-4EBD-B3A9-15D9A684A526}.AppStore|iPhoneSimulator.ActiveCfg = AppStore|iPhoneSimulator
		{5532E8FA-B25B-4EBD-B3A9-15D9A684A526}.AppStore|iPhoneSimulator.Build.0 = AppStore|iPhoneSimulator
		{5532E8FA-B25B-4EBD-B3A9-15D9A684A526}.AppStore|x86.ActiveCfg = AppStore|iPhone
		{5532E8FA-B25B-4EBD-B3A9-15D9A684A526}.Debug|Any CPU.ActiveCfg = Debug|iPhone
		{5532E8FA-B25B-4EBD-B3A9-15D9A684A526}.Debug|iPhone.ActiveCfg = Debug|iPhone
		{5532E8FA-B25B-4EBD-B3A9-15D9A684A526}.Debug|iPhone.Build.0 = Debug|iPhone
		{5532E8FA-B25B-4EBD-B3A9-15D9A684A526}.Debug|iPhoneSimulator.ActiveCfg = Debug|iPhoneSimulator
		{5532E8FA-B25B-4EBD-B3A9-15D9A684A526}.Debug|iPhoneSimulator.Build.0 = Debug|iPhoneSimulator
		{5532E8FA-B25B-4EBD-B3A9-15D9A684A526}.Debug|x86.ActiveCfg = Debug|iPhone
		{5532E8FA-B25B-4EBD-B3A9-15D9A684A526}.Release|Any CPU.ActiveCfg = Release|iPhone
		{5532E8FA-B25B-4EBD-B3A9-15D9A684A526}.Release|iPhone.ActiveCfg = Release|iPhone
		{5532E8FA-B25B-4EBD-B3A9-15D9A684A526}.Release|iPhone.Build.0 = Release|iPhone
		{5532E8FA-B25B-4EBD-B3A9-15D9A684A526}.Release|iPhoneSimulator.ActiveCfg = Release|iPhoneSimulator
		{5532E8FA-B25B-4EBD-B3A9-15D9A684A526}.Release|iPhoneSimulator.Build.0 = Release|iPhoneSimulator
		{5532E8FA-B25B-4EBD-B3A9-15D9A684A526}.Release|x86.ActiveCfg = Release|iPhone
		{F258192B-A9D8-4A50-94F9-ADFD528A5EC5}.Ad-Hoc|Any CPU.ActiveCfg = Debug|Any CPU
		{F258192B-A9D8-4A50-94F9-ADFD528A5EC5}.Ad-Hoc|Any CPU.Build.0 = Debug|Any CPU
		{F258192B-A9D8-4A50-94F9-ADFD528A5EC5}.Ad-Hoc|iPhone.ActiveCfg = Debug|Any CPU
		{F258192B-A9D8-4A50-94F9-ADFD528A5EC5}.Ad-Hoc|iPhone.Build.0 = Debug|Any CPU
		{F258192B-A9D8-4A50-94F9-ADFD528A5EC5}.Ad-Hoc|iPhoneSimulator.ActiveCfg = Debug|Any CPU
		{F258192B-A9D8-4A50-94F9-ADFD528A5EC5}.Ad-Hoc|iPhoneSimulator.Build.0 = Debug|Any CPU
		{F258192B-A9D8-4A50-94F9-ADFD528A5EC5}.Ad-Hoc|x86.ActiveCfg = Debug|Any CPU
		{F258192B-A9D8-4A50-94F9-ADFD528A5EC5}.Ad-Hoc|x86.Build.0 = Debug|Any CPU
		{F258192B-A9D8-4A50-94F9-ADFD528A5EC5}.AppStore|Any CPU.ActiveCfg = Debug|Any CPU
		{F258192B-A9D8-4A50-94F9-ADFD528A5EC5}.AppStore|Any CPU.Build.0 = Debug|Any CPU
		{F258192B-A9D8-4A50-94F9-ADFD528A5EC5}.AppStore|iPhone.ActiveCfg = Debug|Any CPU
		{F258192B-A9D8-4A50-94F9-ADFD528A5EC5}.AppStore|iPhone.Build.0 = Debug|Any CPU
		{F258192B-A9D8-4A50-94F9-ADFD528A5EC5}.AppStore|iPhoneSimulator.ActiveCfg = Debug|Any CPU
		{F258192B-A9D8-4A50-94F9-ADFD528A5EC5}.AppStore|iPhoneSimulator.Build.0 = Debug|Any CPU
		{F258192B-A9D8-4A50-94F9-ADFD528A5EC5}.AppStore|x86.ActiveCfg = Debug|Any CPU
		{F258192B-A9D8-4A50-94F9-ADFD528A5EC5}.AppStore|x86.Build.0 = Debug|Any CPU
		{F258192B-A9D8-4A50-94F9-ADFD528A5EC5}.Debug|Any CPU.ActiveCfg = Debug|Any CPU
		{F258192B-A9D8-4A50-94F9-ADFD528A5EC5}.Debug|Any CPU.Build.0 = Debug|Any CPU
		{F258192B-A9D8-4A50-94F9-ADFD528A5EC5}.Debug|iPhone.ActiveCfg = Debug|Any CPU
		{F258192B-A9D8-4A50-94F9-ADFD528A5EC5}.Debug|iPhone.Build.0 = Debug|Any CPU
		{F258192B-A9D8-4A50-94F9-ADFD528A5EC5}.Debug|iPhoneSimulator.ActiveCfg = Debug|Any CPU
		{F258192B-A9D8-4A50-94F9-ADFD528A5EC5}.Debug|iPhoneSimulator.Build.0 = Debug|Any CPU
		{F258192B-A9D8-4A50-94F9-ADFD528A5EC5}.Debug|x86.ActiveCfg = Debug|Any CPU
		{F258192B-A9D8-4A50-94F9-ADFD528A5EC5}.Debug|x86.Build.0 = Debug|Any CPU
		{F258192B-A9D8-4A50-94F9-ADFD528A5EC5}.Release|Any CPU.ActiveCfg = Release|Any CPU
		{F258192B-A9D8-4A50-94F9-ADFD528A5EC5}.Release|Any CPU.Build.0 = Release|Any CPU
		{F258192B-A9D8-4A50-94F9-ADFD528A5EC5}.Release|iPhone.ActiveCfg = Release|Any CPU
		{F258192B-A9D8-4A50-94F9-ADFD528A5EC5}.Release|iPhone.Build.0 = Release|Any CPU
		{F258192B-A9D8-4A50-94F9-ADFD528A5EC5}.Release|iPhoneSimulator.ActiveCfg = Release|Any CPU
		{F258192B-A9D8-4A50-94F9-ADFD528A5EC5}.Release|iPhoneSimulator.Build.0 = Release|Any CPU
		{F258192B-A9D8-4A50-94F9-ADFD528A5EC5}.Release|x86.ActiveCfg = Release|Any CPU
		{F258192B-A9D8-4A50-94F9-ADFD528A5EC5}.Release|x86.Build.0 = Release|Any CPU
	EndGlobalSection
	GlobalSection(SolutionProperties) = preSolution
		HideSolutionNode = FALSE
	EndGlobalSection
	GlobalSection(NestedProjects) = preSolution
		{6E682A14-C872-4813-B620-76E108DEA683} = {29CFAD14-7A3D-4141-A67D-527CAE888C4E}
		{F68A1D19-93FB-47C1-A22B-42BEA3E4FD8C} = {29CFAD14-7A3D-4141-A67D-527CAE888C4E}
		{86F86650-EE3C-4372-8FEC-40C2FE015022} = {29CFAD14-7A3D-4141-A67D-527CAE888C4E}
	EndGlobalSection
	GlobalSection(ExtensibilityGlobals) = postSolution
		SolutionGuid = {2A5D3E3F-B7A6-4DCB-9F93-476EEF29B762}
	EndGlobalSection
EndGlobal
