
Microsoft Visual Studio Solution File, Format Version 12.00
# Visual Studio 15
VisualStudioVersion = 15.0.27130.2010
MinimumVisualStudioVersion = 10.0.40219.1
Project("{9A19103F-16F7-4668-BE54-9A1E7A4F7556}") = "OMG.LunchPicker.Xamarin", "OMG.LunchPicker.Xamarin\OMG.LunchPicker.Xamarin\OMG.LunchPicker.Xamarin.csproj", "{2DB11A67-F598-4155-BE78-803CEC3E4630}"
EndProject
Project("{FAE04EC0-301F-11D3-BF4B-00C04F79EFBC}") = "OMG.LunchPicker.Xamarin.iOS", "OMG.LunchPicker.Xamarin\OMG.LunchPicker.Xamarin.iOS\OMG.LunchPicker.Xamarin.iOS.csproj", "{5532E8FA-B25B-4EBD-B3A9-15D9A684A526}"
EndProject
Project("{FAE04EC0-301F-11D3-BF4B-00C04F79EFBC}") = "OMG.LunchPicker.Xamarin.Android", "OMG.LunchPicker.Xamarin\OMG.LunchPicker.Xamarin.Android\OMG.LunchPicker.Xamarin.Android.csproj", "{A2D1EA8D-DF5D-4B30-94E4-8447DBB835AA}"
EndProject
Global
	GlobalSection(SolutionConfigurationPlatforms) = preSolution
		Ad-Hoc|Any CPU = Ad-Hoc|Any CPU
		Ad-Hoc|ARM = Ad-Hoc|ARM
		Ad-Hoc|iPhone = Ad-Hoc|iPhone
		Ad-Hoc|iPhoneSimulator = Ad-Hoc|iPhoneSimulator
		Ad-Hoc|x64 = Ad-Hoc|x64
		Ad-Hoc|x86 = Ad-Hoc|x86
		AppStore|Any CPU = AppStore|Any CPU
		AppStore|ARM = AppStore|ARM
		AppStore|iPhone = AppStore|iPhone
		AppStore|iPhoneSimulator = AppStore|iPhoneSimulator
		AppStore|x64 = AppStore|x64
		AppStore|x86 = AppStore|x86
		Debug|Any CPU = Debug|Any CPU
		Debug|ARM = Debug|ARM
		Debug|iPhone = Debug|iPhone
		Debug|iPhoneSimulator = Debug|iPhoneSimulator
		Debug|x64 = Debug|x64
		Debug|x86 = Debug|x86
		Release|Any CPU = Release|Any CPU
		Release|ARM = Release|ARM
		Release|iPhone = Release|iPhone
		Release|iPhoneSimulator = Release|iPhoneSimulator
		Release|x64 = Release|x64
		Release|x86 = Release|x86
	EndGlobalSection
	GlobalSection(ProjectConfigurationPlatforms) = postSolution
		{2DB11A67-F598-4155-BE78-803CEC3E4630}.Ad-Hoc|Any CPU.ActiveCfg = Debug|Any CPU
		{2DB11A67-F598-4155-BE78-803CEC3E4630}.Ad-Hoc|Any CPU.Build.0 = Debug|Any CPU
		{2DB11A67-F598-4155-BE78-803CEC3E4630}.Ad-Hoc|ARM.ActiveCfg = Debug|Any CPU
		{2DB11A67-F598-4155-BE78-803CEC3E4630}.Ad-Hoc|ARM.Build.0 = Debug|Any CPU
		{2DB11A67-F598-4155-BE78-803CEC3E4630}.Ad-Hoc|iPhone.ActiveCfg = Debug|Any CPU
		{2DB11A67-F598-4155-BE78-803CEC3E4630}.Ad-Hoc|iPhone.Build.0 = Debug|Any CPU
		{2DB11A67-F598-4155-BE78-803CEC3E4630}.Ad-Hoc|iPhoneSimulator.ActiveCfg = Debug|Any CPU
		{2DB11A67-F598-4155-BE78-803CEC3E4630}.Ad-Hoc|iPhoneSimulator.Build.0 = Debug|Any CPU
		{2DB11A67-F598-4155-BE78-803CEC3E4630}.Ad-Hoc|x64.ActiveCfg = Debug|Any CPU
		{2DB11A67-F598-4155-BE78-803CEC3E4630}.Ad-Hoc|x64.Build.0 = Debug|Any CPU
		{2DB11A67-F598-4155-BE78-803CEC3E4630}.Ad-Hoc|x86.ActiveCfg = Debug|Any CPU
		{2DB11A67-F598-4155-BE78-803CEC3E4630}.Ad-Hoc|x86.Build.0 = Debug|Any CPU
		{2DB11A67-F598-4155-BE78-803CEC3E4630}.AppStore|Any CPU.ActiveCfg = Debug|Any CPU
		{2DB11A67-F598-4155-BE78-803CEC3E4630}.AppStore|Any CPU.Build.0 = Debug|Any CPU
		{2DB11A67-F598-4155-BE78-803CEC3E4630}.AppStore|ARM.ActiveCfg = Debug|Any CPU
		{2DB11A67-F598-4155-BE78-803CEC3E4630}.AppStore|ARM.Build.0 = Debug|Any CPU
		{2DB11A67-F598-4155-BE78-803CEC3E4630}.AppStore|iPhone.ActiveCfg = Debug|Any CPU
		{2DB11A67-F598-4155-BE78-803CEC3E4630}.AppStore|iPhone.Build.0 = Debug|Any CPU
		{2DB11A67-F598-4155-BE78-803CEC3E4630}.AppStore|iPhoneSimulator.ActiveCfg = Debug|Any CPU
		{2DB11A67-F598-4155-BE78-803CEC3E4630}.AppStore|iPhoneSimulator.Build.0 = Debug|Any CPU
		{2DB11A67-F598-4155-BE78-803CEC3E4630}.AppStore|x64.ActiveCfg = Debug|Any CPU
		{2DB11A67-F598-4155-BE78-803CEC3E4630}.AppStore|x64.Build.0 = Debug|Any CPU
		{2DB11A67-F598-4155-BE78-803CEC3E4630}.AppStore|x86.ActiveCfg = Debug|Any CPU
		{2DB11A67-F598-4155-BE78-803CEC3E4630}.AppStore|x86.Build.0 = Debug|Any CPU
		{2DB11A67-F598-4155-BE78-803CEC3E4630}.Debug|Any CPU.ActiveCfg = Debug|Any CPU
		{2DB11A67-F598-4155-BE78-803CEC3E4630}.Debug|Any CPU.Build.0 = Debug|Any CPU
		{2DB11A67-F598-4155-BE78-803CEC3E4630}.Debug|ARM.ActiveCfg = Debug|Any CPU
		{2DB11A67-F598-4155-BE78-803CEC3E4630}.Debug|ARM.Build.0 = Debug|Any CPU
		{2DB11A67-F598-4155-BE78-803CEC3E4630}.Debug|iPhone.ActiveCfg = Debug|Any CPU
		{2DB11A67-F598-4155-BE78-803CEC3E4630}.Debug|iPhone.Build.0 = Debug|Any CPU
		{2DB11A67-F598-4155-BE78-803CEC3E4630}.Debug|iPhoneSimulator.ActiveCfg = Debug|Any CPU
		{2DB11A67-F598-4155-BE78-803CEC3E4630}.Debug|iPhoneSimulator.Build.0 = Debug|Any CPU
		{2DB11A67-F598-4155-BE78-803CEC3E4630}.Debug|x64.ActiveCfg = Debug|Any CPU
		{2DB11A67-F598-4155-BE78-803CEC3E4630}.Debug|x64.Build.0 = Debug|Any CPU
		{2DB11A67-F598-4155-BE78-803CEC3E4630}.Debug|x86.ActiveCfg = Debug|Any CPU
		{2DB11A67-F598-4155-BE78-803CEC3E4630}.Debug|x86.Build.0 = Debug|Any CPU
		{2DB11A67-F598-4155-BE78-803CEC3E4630}.Release|Any CPU.ActiveCfg = Release|Any CPU
		{2DB11A67-F598-4155-BE78-803CEC3E4630}.Release|Any CPU.Build.0 = Release|Any CPU
		{2DB11A67-F598-4155-BE78-803CEC3E4630}.Release|ARM.ActiveCfg = Release|Any CPU
		{2DB11A67-F598-4155-BE78-803CEC3E4630}.Release|ARM.Build.0 = Release|Any CPU
		{2DB11A67-F598-4155-BE78-803CEC3E4630}.Release|iPhone.ActiveCfg = Release|Any CPU
		{2DB11A67-F598-4155-BE78-803CEC3E4630}.Release|iPhone.Build.0 = Release|Any CPU
		{2DB11A67-F598-4155-BE78-803CEC3E4630}.Release|iPhoneSimulator.ActiveCfg = Release|Any CPU
		{2DB11A67-F598-4155-BE78-803CEC3E4630}.Release|iPhoneSimulator.Build.0 = Release|Any CPU
		{2DB11A67-F598-4155-BE78-803CEC3E4630}.Release|x64.ActiveCfg = Release|Any CPU
		{2DB11A67-F598-4155-BE78-803CEC3E4630}.Release|x64.Build.0 = Release|Any CPU
		{2DB11A67-F598-4155-BE78-803CEC3E4630}.Release|x86.ActiveCfg = Release|Any CPU
		{2DB11A67-F598-4155-BE78-803CEC3E4630}.Release|x86.Build.0 = Release|Any CPU
		{5532E8FA-B25B-4EBD-B3A9-15D9A684A526}.Ad-Hoc|Any CPU.ActiveCfg = Ad-Hoc|iPhone
		{5532E8FA-B25B-4EBD-B3A9-15D9A684A526}.Ad-Hoc|ARM.ActiveCfg = Ad-Hoc|iPhone
		{5532E8FA-B25B-4EBD-B3A9-15D9A684A526}.Ad-Hoc|iPhone.ActiveCfg = Ad-Hoc|iPhone
		{5532E8FA-B25B-4EBD-B3A9-15D9A684A526}.Ad-Hoc|iPhone.Build.0 = Ad-Hoc|iPhone
		{5532E8FA-B25B-4EBD-B3A9-15D9A684A526}.Ad-Hoc|iPhoneSimulator.ActiveCfg = Ad-Hoc|iPhoneSimulator
		{5532E8FA-B25B-4EBD-B3A9-15D9A684A526}.Ad-Hoc|iPhoneSimulator.Build.0 = Ad-Hoc|iPhoneSimulator
		{5532E8FA-B25B-4EBD-B3A9-15D9A684A526}.Ad-Hoc|x64.ActiveCfg = Ad-Hoc|iPhone
		{5532E8FA-B25B-4EBD-B3A9-15D9A684A526}.Ad-Hoc|x86.ActiveCfg = Ad-Hoc|iPhone
		{5532E8FA-B25B-4EBD-B3A9-15D9A684A526}.AppStore|Any CPU.ActiveCfg = AppStore|iPhone
		{5532E8FA-B25B-4EBD-B3A9-15D9A684A526}.AppStore|ARM.ActiveCfg = AppStore|iPhone
		{5532E8FA-B25B-4EBD-B3A9-15D9A684A526}.AppStore|iPhone.ActiveCfg = AppStore|iPhone
		{5532E8FA-B25B-4EBD-B3A9-15D9A684A526}.AppStore|iPhone.Build.0 = AppStore|iPhone
		{5532E8FA-B25B-4EBD-B3A9-15D9A684A526}.AppStore|iPhoneSimulator.ActiveCfg = AppStore|iPhoneSimulator
		{5532E8FA-B25B-4EBD-B3A9-15D9A684A526}.AppStore|iPhoneSimulator.Build.0 = AppStore|iPhoneSimulator
		{5532E8FA-B25B-4EBD-B3A9-15D9A684A526}.AppStore|x64.ActiveCfg = AppStore|iPhone
		{5532E8FA-B25B-4EBD-B3A9-15D9A684A526}.AppStore|x86.ActiveCfg = AppStore|iPhone
		{5532E8FA-B25B-4EBD-B3A9-15D9A684A526}.Debug|Any CPU.ActiveCfg = Debug|iPhone
		{5532E8FA-B25B-4EBD-B3A9-15D9A684A526}.Debug|ARM.ActiveCfg = Debug|iPhone
		{5532E8FA-B25B-4EBD-B3A9-15D9A684A526}.Debug|iPhone.ActiveCfg = Debug|iPhone
		{5532E8FA-B25B-4EBD-B3A9-15D9A684A526}.Debug|iPhone.Build.0 = Debug|iPhone
		{5532E8FA-B25B-4EBD-B3A9-15D9A684A526}.Debug|iPhoneSimulator.ActiveCfg = Debug|iPhoneSimulator
		{5532E8FA-B25B-4EBD-B3A9-15D9A684A526}.Debug|iPhoneSimulator.Build.0 = Debug|iPhoneSimulator
		{5532E8FA-B25B-4EBD-B3A9-15D9A684A526}.Debug|x64.ActiveCfg = Debug|iPhone
		{5532E8FA-B25B-4EBD-B3A9-15D9A684A526}.Debug|x86.ActiveCfg = Debug|iPhone
		{5532E8FA-B25B-4EBD-B3A9-15D9A684A526}.Release|Any CPU.ActiveCfg = Release|iPhone
		{5532E8FA-B25B-4EBD-B3A9-15D9A684A526}.Release|ARM.ActiveCfg = Release|iPhone
		{5532E8FA-B25B-4EBD-B3A9-15D9A684A526}.Release|iPhone.ActiveCfg = Release|iPhone
		{5532E8FA-B25B-4EBD-B3A9-15D9A684A526}.Release|iPhone.Build.0 = Release|iPhone
		{5532E8FA-B25B-4EBD-B3A9-15D9A684A526}.Release|iPhoneSimulator.ActiveCfg = Release|iPhoneSimulator
		{5532E8FA-B25B-4EBD-B3A9-15D9A684A526}.Release|iPhoneSimulator.Build.0 = Release|iPhoneSimulator
		{5532E8FA-B25B-4EBD-B3A9-15D9A684A526}.Release|x64.ActiveCfg = Release|iPhone
		{5532E8FA-B25B-4EBD-B3A9-15D9A684A526}.Release|x86.ActiveCfg = Release|iPhone
		{A2D1EA8D-DF5D-4B30-94E4-8447DBB835AA}.Ad-Hoc|Any CPU.ActiveCfg = Release|Any CPU
		{A2D1EA8D-DF5D-4B30-94E4-8447DBB835AA}.Ad-Hoc|Any CPU.Build.0 = Release|Any CPU
		{A2D1EA8D-DF5D-4B30-94E4-8447DBB835AA}.Ad-Hoc|Any CPU.Deploy.0 = Release|Any CPU
		{A2D1EA8D-DF5D-4B30-94E4-8447DBB835AA}.Ad-Hoc|ARM.ActiveCfg = Release|Any CPU
		{A2D1EA8D-DF5D-4B30-94E4-8447DBB835AA}.Ad-Hoc|ARM.Build.0 = Release|Any CPU
		{A2D1EA8D-DF5D-4B30-94E4-8447DBB835AA}.Ad-Hoc|ARM.Deploy.0 = Release|Any CPU
		{A2D1EA8D-DF5D-4B30-94E4-8447DBB835AA}.Ad-Hoc|iPhone.ActiveCfg = Release|Any CPU
		{A2D1EA8D-DF5D-4B30-94E4-8447DBB835AA}.Ad-Hoc|iPhone.Build.0 = Release|Any CPU
		{A2D1EA8D-DF5D-4B30-94E4-8447DBB835AA}.Ad-Hoc|iPhone.Deploy.0 = Release|Any CPU
		{A2D1EA8D-DF5D-4B30-94E4-8447DBB835AA}.Ad-Hoc|iPhoneSimulator.ActiveCfg = Release|Any CPU
		{A2D1EA8D-DF5D-4B30-94E4-8447DBB835AA}.Ad-Hoc|iPhoneSimulator.Build.0 = Release|Any CPU
		{A2D1EA8D-DF5D-4B30-94E4-8447DBB835AA}.Ad-Hoc|iPhoneSimulator.Deploy.0 = Release|Any CPU
		{A2D1EA8D-DF5D-4B30-94E4-8447DBB835AA}.Ad-Hoc|x64.ActiveCfg = Release|Any CPU
		{A2D1EA8D-DF5D-4B30-94E4-8447DBB835AA}.Ad-Hoc|x64.Build.0 = Release|Any CPU
		{A2D1EA8D-DF5D-4B30-94E4-8447DBB835AA}.Ad-Hoc|x64.Deploy.0 = Release|Any CPU
		{A2D1EA8D-DF5D-4B30-94E4-8447DBB835AA}.Ad-Hoc|x86.ActiveCfg = Release|Any CPU
		{A2D1EA8D-DF5D-4B30-94E4-8447DBB835AA}.Ad-Hoc|x86.Build.0 = Release|Any CPU
		{A2D1EA8D-DF5D-4B30-94E4-8447DBB835AA}.Ad-Hoc|x86.Deploy.0 = Release|Any CPU
		{A2D1EA8D-DF5D-4B30-94E4-8447DBB835AA}.AppStore|Any CPU.ActiveCfg = Release|Any CPU
		{A2D1EA8D-DF5D-4B30-94E4-8447DBB835AA}.AppStore|Any CPU.Build.0 = Release|Any CPU
		{A2D1EA8D-DF5D-4B30-94E4-8447DBB835AA}.AppStore|Any CPU.Deploy.0 = Release|Any CPU
		{A2D1EA8D-DF5D-4B30-94E4-8447DBB835AA}.AppStore|ARM.ActiveCfg = Release|Any CPU
		{A2D1EA8D-DF5D-4B30-94E4-8447DBB835AA}.AppStore|ARM.Build.0 = Release|Any CPU
		{A2D1EA8D-DF5D-4B30-94E4-8447DBB835AA}.AppStore|ARM.Deploy.0 = Release|Any CPU
		{A2D1EA8D-DF5D-4B30-94E4-8447DBB835AA}.AppStore|iPhone.ActiveCfg = Release|Any CPU
		{A2D1EA8D-DF5D-4B30-94E4-8447DBB835AA}.AppStore|iPhone.Build.0 = Release|Any CPU
		{A2D1EA8D-DF5D-4B30-94E4-8447DBB835AA}.AppStore|iPhone.Deploy.0 = Release|Any CPU
		{A2D1EA8D-DF5D-4B30-94E4-8447DBB835AA}.AppStore|iPhoneSimulator.ActiveCfg = Release|Any CPU
		{A2D1EA8D-DF5D-4B30-94E4-8447DBB835AA}.AppStore|iPhoneSimulator.Build.0 = Release|Any CPU
		{A2D1EA8D-DF5D-4B30-94E4-8447DBB835AA}.AppStore|iPhoneSimulator.Deploy.0 = Release|Any CPU
		{A2D1EA8D-DF5D-4B30-94E4-8447DBB835AA}.AppStore|x64.ActiveCfg = Release|Any CPU
		{A2D1EA8D-DF5D-4B30-94E4-8447DBB835AA}.AppStore|x64.Build.0 = Release|Any CPU
		{A2D1EA8D-DF5D-4B30-94E4-8447DBB835AA}.AppStore|x64.Deploy.0 = Release|Any CPU
		{A2D1EA8D-DF5D-4B30-94E4-8447DBB835AA}.AppStore|x86.ActiveCfg = Release|Any CPU
		{A2D1EA8D-DF5D-4B30-94E4-8447DBB835AA}.AppStore|x86.Build.0 = Release|Any CPU
		{A2D1EA8D-DF5D-4B30-94E4-8447DBB835AA}.AppStore|x86.Deploy.0 = Release|Any CPU
		{A2D1EA8D-DF5D-4B30-94E4-8447DBB835AA}.Debug|Any CPU.ActiveCfg = Debug|Any CPU
		{A2D1EA8D-DF5D-4B30-94E4-8447DBB835AA}.Debug|Any CPU.Build.0 = Debug|Any CPU
		{A2D1EA8D-DF5D-4B30-94E4-8447DBB835AA}.Debug|Any CPU.Deploy.0 = Debug|Any CPU
		{A2D1EA8D-DF5D-4B30-94E4-8447DBB835AA}.Debug|ARM.ActiveCfg = Debug|Any CPU
		{A2D1EA8D-DF5D-4B30-94E4-8447DBB835AA}.Debug|ARM.Build.0 = Debug|Any CPU
		{A2D1EA8D-DF5D-4B30-94E4-8447DBB835AA}.Debug|ARM.Deploy.0 = Debug|Any CPU
		{A2D1EA8D-DF5D-4B30-94E4-8447DBB835AA}.Debug|iPhone.ActiveCfg = Debug|Any CPU
		{A2D1EA8D-DF5D-4B30-94E4-8447DBB835AA}.Debug|iPhone.Build.0 = Debug|Any CPU
		{A2D1EA8D-DF5D-4B30-94E4-8447DBB835AA}.Debug|iPhone.Deploy.0 = Debug|Any CPU
		{A2D1EA8D-DF5D-4B30-94E4-8447DBB835AA}.Debug|iPhoneSimulator.ActiveCfg = Debug|Any CPU
		{A2D1EA8D-DF5D-4B30-94E4-8447DBB835AA}.Debug|iPhoneSimulator.Build.0 = Debug|Any CPU
		{A2D1EA8D-DF5D-4B30-94E4-8447DBB835AA}.Debug|iPhoneSimulator.Deploy.0 = Debug|Any CPU
		{A2D1EA8D-DF5D-4B30-94E4-8447DBB835AA}.Debug|x64.ActiveCfg = Debug|Any CPU
		{A2D1EA8D-DF5D-4B30-94E4-8447DBB835AA}.Debug|x64.Build.0 = Debug|Any CPU
		{A2D1EA8D-DF5D-4B30-94E4-8447DBB835AA}.Debug|x64.Deploy.0 = Debug|Any CPU
		{A2D1EA8D-DF5D-4B30-94E4-8447DBB835AA}.Debug|x86.ActiveCfg = Debug|Any CPU
		{A2D1EA8D-DF5D-4B30-94E4-8447DBB835AA}.Debug|x86.Build.0 = Debug|Any CPU
		{A2D1EA8D-DF5D-4B30-94E4-8447DBB835AA}.Debug|x86.Deploy.0 = Debug|Any CPU
		{A2D1EA8D-DF5D-4B30-94E4-8447DBB835AA}.Release|Any CPU.ActiveCfg = Release|Any CPU
		{A2D1EA8D-DF5D-4B30-94E4-8447DBB835AA}.Release|Any CPU.Build.0 = Release|Any CPU
		{A2D1EA8D-DF5D-4B30-94E4-8447DBB835AA}.Release|Any CPU.Deploy.0 = Release|Any CPU
		{A2D1EA8D-DF5D-4B30-94E4-8447DBB835AA}.Release|ARM.ActiveCfg = Release|Any CPU
		{A2D1EA8D-DF5D-4B30-94E4-8447DBB835AA}.Release|ARM.Build.0 = Release|Any CPU
		{A2D1EA8D-DF5D-4B30-94E4-8447DBB835AA}.Release|ARM.Deploy.0 = Release|Any CPU
		{A2D1EA8D-DF5D-4B30-94E4-8447DBB835AA}.Release|iPhone.ActiveCfg = Release|Any CPU
		{A2D1EA8D-DF5D-4B30-94E4-8447DBB835AA}.Release|iPhone.Build.0 = Release|Any CPU
		{A2D1EA8D-DF5D-4B30-94E4-8447DBB835AA}.Release|iPhone.Deploy.0 = Release|Any CPU
		{A2D1EA8D-DF5D-4B30-94E4-8447DBB835AA}.Release|iPhoneSimulator.ActiveCfg = Release|Any CPU
		{A2D1EA8D-DF5D-4B30-94E4-8447DBB835AA}.Release|iPhoneSimulator.Build.0 = Release|Any CPU
		{A2D1EA8D-DF5D-4B30-94E4-8447DBB835AA}.Release|iPhoneSimulator.Deploy.0 = Release|Any CPU
		{A2D1EA8D-DF5D-4B30-94E4-8447DBB835AA}.Release|x64.ActiveCfg = Release|Any CPU
		{A2D1EA8D-DF5D-4B30-94E4-8447DBB835AA}.Release|x64.Build.0 = Release|Any CPU
		{A2D1EA8D-DF5D-4B30-94E4-8447DBB835AA}.Release|x64.Deploy.0 = Release|Any CPU
		{A2D1EA8D-DF5D-4B30-94E4-8447DBB835AA}.Release|x86.ActiveCfg = Release|Any CPU
		{A2D1EA8D-DF5D-4B30-94E4-8447DBB835AA}.Release|x86.Build.0 = Release|Any CPU
		{A2D1EA8D-DF5D-4B30-94E4-8447DBB835AA}.Release|x86.Deploy.0 = Release|Any CPU
	EndGlobalSection
	GlobalSection(SolutionProperties) = preSolution
		HideSolutionNode = FALSE
	EndGlobalSection
	GlobalSection(ExtensibilityGlobals) = postSolution
		SolutionGuid = {F6D05029-56B8-4E45-AF2D-0E76295DDBA2}
	EndGlobalSection
EndGlobal
